
Microsoft Visual Studio Solution File, Format Version 12.00
# Visual Studio Version 16
VisualStudioVersion = 16.0.31424.327
MinimumVisualStudioVersion = 10.0.40219.1
Project("{FAE04EC0-301F-11D3-BF4B-00C04F79EFBC}") = "DemoAPI.Test", "DemoAPI.Test\DemoAPI.Test.csproj", "{2BE59BAA-470D-4E48-B291-30BE6FD2294E}"
EndProject
Project("{FAE04EC0-301F-11D3-BF4B-00C04F79EFBC}") = "DemoAPI", "DemoAPI\DemoAPI.csproj", "{6426FEAF-2D39-4713-8911-0A13DAD9DCB6}"
EndProject
Global
	GlobalSection(SolutionConfigurationPlatforms) = preSolution
		Debug|Any CPU = Debug|Any CPU
		Release|Any CPU = Release|Any CPU
	EndGlobalSection
	GlobalSection(ProjectConfigurationPlatforms) = postSolution
		{2BE59BAA-470D-4E48-B291-30BE6FD2294E}.Debug|Any CPU.ActiveCfg = Debug|Any CPU
		{2BE59BAA-470D-4E48-B291-30BE6FD2294E}.Debug|Any CPU.Build.0 = Debug|Any CPU
		{2BE59BAA-470D-4E48-B291-30BE6FD2294E}.Release|Any CPU.ActiveCfg = Release|Any CPU
		{2BE59BAA-470D-4E48-B291-30BE6FD2294E}.Release|Any CPU.Build.0 = Release|Any CPU
		{6426FEAF-2D39-4713-8911-0A13DAD9DCB6}.Debug|Any CPU.ActiveCfg = Debug|Any CPU
		{6426FEAF-2D39-4713-8911-0A13DAD9DCB6}.Debug|Any CPU.Build.0 = Debug|Any CPU
		{6426FEAF-2D39-4713-8911-0A13DAD9DCB6}.Release|Any CPU.ActiveCfg = Release|Any CPU
		{6426FEAF-2D39-4713-8911-0A13DAD9DCB6}.Release|Any CPU.Build.0 = Release|Any CPU
	EndGlobalSection
	GlobalSection(SolutionProperties) = preSolution
		HideSolutionNode = FALSE
	EndGlobalSection
	GlobalSection(ExtensibilityGlobals) = postSolution
		SolutionGuid = {BD3AD78B-1822-4C32-A645-041C19F311C5}
	EndGlobalSection
EndGlobal
